
Microsoft Visual Studio Solution File, Format Version 12.00
# Visual Studio Version 17
VisualStudioVersion = 17.6.33829.357
MinimumVisualStudioVersion = 10.0.40219.1
Project("{FAE04EC0-301F-11D3-BF4B-00C04F79EFBC}") = "Kadince_Todo_Ramanujam", "Kadince_Todo_Ramanujam.csproj", "{0DB594BE-6D6B-453F-8C52-285FBF3B59EB}"
EndProject
Global
	GlobalSection(SolutionConfigurationPlatforms) = preSolution
		Debug|Any CPU = Debug|Any CPU
		Release|Any CPU = Release|Any CPU
	EndGlobalSection
	GlobalSection(ProjectConfigurationPlatforms) = postSolution
		{0DB594BE-6D6B-453F-8C52-285FBF3B59EB}.Debug|Any CPU.ActiveCfg = Debug|Any CPU
		{0DB594BE-6D6B-453F-8C52-285FBF3B59EB}.Debug|Any CPU.Build.0 = Debug|Any CPU
		{0DB594BE-6D6B-453F-8C52-285FBF3B59EB}.Release|Any CPU.ActiveCfg = Release|Any CPU
		{0DB594BE-6D6B-453F-8C52-285FBF3B59EB}.Release|Any CPU.Build.0 = Release|Any CPU
	EndGlobalSection
	GlobalSection(SolutionProperties) = preSolution
		HideSolutionNode = FALSE
	EndGlobalSection
	GlobalSection(ExtensibilityGlobals) = postSolution
		SolutionGuid = {B5767656-0B4F-4B80-BF12-7E5B0CDECD9C}
	EndGlobalSection
EndGlobal
